// !$*UTF8*$!
{
	archiveVersion = 1;
	classes = {
	};
	objectVersion = 50;
	objects = {

/* Begin PBXBuildFile section */
		0D821E3435AB670C446CCBB4 /* Pods_HouseParty.framework in Frameworks */ = {isa = PBXBuildFile; fileRef = AB37B1A754A884F8B3BE6995 /* Pods_HouseParty.framework */; };
		3F6367924FB07AAC86201176 /* Pods_FireStarter.framework in Frameworks */ = {isa = PBXBuildFile; fileRef = D22D08A4C5523BBDD8B690E5 /* Pods_FireStarter.framework */; };
		F626E45020C5CF2E00D19C13 /* AppDelegate.swift in Sources */ = {isa = PBXBuildFile; fileRef = F626E44F20C5CF2E00D19C13 /* AppDelegate.swift */; };
		F626E45220C5CF2E00D19C13 /* ViewController.swift in Sources */ = {isa = PBXBuildFile; fileRef = F626E45120C5CF2E00D19C13 /* ViewController.swift */; };
		F626E45520C5CF2E00D19C13 /* Main.storyboard in Resources */ = {isa = PBXBuildFile; fileRef = F626E45320C5CF2E00D19C13 /* Main.storyboard */; };
		F626E45720C5CF2F00D19C13 /* Assets.xcassets in Resources */ = {isa = PBXBuildFile; fileRef = F626E45620C5CF2F00D19C13 /* Assets.xcassets */; };
		F626E45A20C5CF2F00D19C13 /* LaunchScreen.storyboard in Resources */ = {isa = PBXBuildFile; fileRef = F626E45820C5CF2F00D19C13 /* LaunchScreen.storyboard */; };
		F6BE906D20C84CF700616EAB /* GoogleService-Info.plist in Resources */ = {isa = PBXBuildFile; fileRef = F6BE906C20C84CF700616EAB /* GoogleService-Info.plist */; };
		F6BE906F20C84D0400616EAB /* credentials.plist in Resources */ = {isa = PBXBuildFile; fileRef = F6BE906E20C84D0400616EAB /* credentials.plist */; };
/* End PBXBuildFile section */

/* Begin PBXFileReference section */
		16EB72420E06965B0EC48CBB /* Pods-HouseParty.release.xcconfig */ = {isa = PBXFileReference; includeInIndex = 1; lastKnownFileType = text.xcconfig; name = "Pods-HouseParty.release.xcconfig"; path = "Pods/Target Support Files/Pods-HouseParty/Pods-HouseParty.release.xcconfig"; sourceTree = "<group>"; };
		1BEA21B35B9ECD63EBB98A8C /* Pods-FireStarter.release.xcconfig */ = {isa = PBXFileReference; includeInIndex = 1; lastKnownFileType = text.xcconfig; name = "Pods-FireStarter.release.xcconfig"; path = "Pods/Target Support Files/Pods-FireStarter/Pods-FireStarter.release.xcconfig"; sourceTree = "<group>"; };
		94A35CADD3D1CDE2ECB3A49A /* Pods-FireStarter.debug.xcconfig */ = {isa = PBXFileReference; includeInIndex = 1; lastKnownFileType = text.xcconfig; name = "Pods-FireStarter.debug.xcconfig"; path = "Pods/Target Support Files/Pods-FireStarter/Pods-FireStarter.debug.xcconfig"; sourceTree = "<group>"; };
		AB37B1A754A884F8B3BE6995 /* Pods_HouseParty.framework */ = {isa = PBXFileReference; explicitFileType = wrapper.framework; includeInIndex = 0; path = Pods_HouseParty.framework; sourceTree = BUILT_PRODUCTS_DIR; };
		D22D08A4C5523BBDD8B690E5 /* Pods_FireStarter.framework */ = {isa = PBXFileReference; explicitFileType = wrapper.framework; includeInIndex = 0; path = Pods_FireStarter.framework; sourceTree = BUILT_PRODUCTS_DIR; };
		E76652BD9BF355F9D5351D9F /* Pods-HouseParty.debug.xcconfig */ = {isa = PBXFileReference; includeInIndex = 1; lastKnownFileType = text.xcconfig; name = "Pods-HouseParty.debug.xcconfig"; path = "Pods/Target Support Files/Pods-HouseParty/Pods-HouseParty.debug.xcconfig"; sourceTree = "<group>"; };
		F626E44C20C5CF2E00D19C13 /* FireStarter.app */ = {isa = PBXFileReference; explicitFileType = wrapper.application; includeInIndex = 0; path = FireStarter.app; sourceTree = BUILT_PRODUCTS_DIR; };
		F626E44F20C5CF2E00D19C13 /* AppDelegate.swift */ = {isa = PBXFileReference; lastKnownFileType = sourcecode.swift; path = AppDelegate.swift; sourceTree = "<group>"; };
		F626E45120C5CF2E00D19C13 /* ViewController.swift */ = {isa = PBXFileReference; lastKnownFileType = sourcecode.swift; path = ViewController.swift; sourceTree = "<group>"; };
		F626E45420C5CF2E00D19C13 /* Base */ = {isa = PBXFileReference; lastKnownFileType = file.storyboard; name = Base; path = Base.lproj/Main.storyboard; sourceTree = "<group>"; };
		F626E45620C5CF2F00D19C13 /* Assets.xcassets */ = {isa = PBXFileReference; lastKnownFileType = folder.assetcatalog; path = Assets.xcassets; sourceTree = "<group>"; };
		F626E45920C5CF2F00D19C13 /* Base */ = {isa = PBXFileReference; lastKnownFileType = file.storyboard; name = Base; path = Base.lproj/LaunchScreen.storyboard; sourceTree = "<group>"; };
		F626E45B20C5CF2F00D19C13 /* Info.plist */ = {isa = PBXFileReference; lastKnownFileType = text.plist.xml; path = Info.plist; sourceTree = "<group>"; };
		F6BE906C20C84CF700616EAB /* GoogleService-Info.plist */ = {isa = PBXFileReference; fileEncoding = 4; lastKnownFileType = text.plist.xml; name = "GoogleService-Info.plist"; path = "../../../Downloads/GoogleService-Info.plist"; sourceTree = "<group>"; };
		F6BE906E20C84D0400616EAB /* credentials.plist */ = {isa = PBXFileReference; fileEncoding = 4; lastKnownFileType = text.plist.xml; name = credentials.plist; path = ../../../Downloads/credentials.plist; sourceTree = "<group>"; };
/* End PBXFileReference section */

/* Begin PBXFrameworksBuildPhase section */
		F626E44920C5CF2E00D19C13 /* Frameworks */ = {
			isa = PBXFrameworksBuildPhase;
			buildActionMask = 2147483647;
			files = (
				0D821E3435AB670C446CCBB4 /* Pods_HouseParty.framework in Frameworks */,
				3F6367924FB07AAC86201176 /* Pods_FireStarter.framework in Frameworks */,
			);
			runOnlyForDeploymentPostprocessing = 0;
		};
/* End PBXFrameworksBuildPhase section */

/* Begin PBXGroup section */
		5BFFEFFA82449F415D4DBCDC /* Frameworks */ = {
			isa = PBXGroup;
			children = (
				AB37B1A754A884F8B3BE6995 /* Pods_HouseParty.framework */,
				D22D08A4C5523BBDD8B690E5 /* Pods_FireStarter.framework */,
			);
			name = Frameworks;
			sourceTree = "<group>";
		};
		829EA3EAA9B7F9EB859C1D40 /* Pods */ = {
			isa = PBXGroup;
			children = (
				E76652BD9BF355F9D5351D9F /* Pods-HouseParty.debug.xcconfig */,
				16EB72420E06965B0EC48CBB /* Pods-HouseParty.release.xcconfig */,
				94A35CADD3D1CDE2ECB3A49A /* Pods-FireStarter.debug.xcconfig */,
				1BEA21B35B9ECD63EBB98A8C /* Pods-FireStarter.release.xcconfig */,
			);
			name = Pods;
			sourceTree = "<group>";
		};
		F626E44320C5CF2E00D19C13 = {
			isa = PBXGroup;
			children = (
				F626E44E20C5CF2E00D19C13 /* FireStarter */,
				F626E44D20C5CF2E00D19C13 /* Products */,
				829EA3EAA9B7F9EB859C1D40 /* Pods */,
				5BFFEFFA82449F415D4DBCDC /* Frameworks */,
			);
			sourceTree = "<group>";
		};
		F626E44D20C5CF2E00D19C13 /* Products */ = {
			isa = PBXGroup;
			children = (
				F626E44C20C5CF2E00D19C13 /* FireStarter.app */,
			);
			name = Products;
			sourceTree = "<group>";
		};
		F626E44E20C5CF2E00D19C13 /* FireStarter */ = {
			isa = PBXGroup;
			children = (
				F626E44F20C5CF2E00D19C13 /* AppDelegate.swift */,
				F626E45120C5CF2E00D19C13 /* ViewController.swift */,
				F626E45320C5CF2E00D19C13 /* Main.storyboard */,
				F6BE906E20C84D0400616EAB /* credentials.plist */,
				F6BE906C20C84CF700616EAB /* GoogleService-Info.plist */,
				F626E45620C5CF2F00D19C13 /* Assets.xcassets */,
				F626E45820C5CF2F00D19C13 /* LaunchScreen.storyboard */,
				F626E45B20C5CF2F00D19C13 /* Info.plist */,
			);
			path = FireStarter;
			sourceTree = "<group>";
		};
/* End PBXGroup section */

/* Begin PBXNativeTarget section */
		F626E44B20C5CF2E00D19C13 /* FireStarter */ = {
			isa = PBXNativeTarget;
			buildConfigurationList = F626E45E20C5CF2F00D19C13 /* Build configuration list for PBXNativeTarget "FireStarter" */;
			buildPhases = (
				8693823E8D1CE9C439E2219B /* [CP] Check Pods Manifest.lock */,
				F626E44820C5CF2E00D19C13 /* Sources */,
				F626E44920C5CF2E00D19C13 /* Frameworks */,
				F626E44A20C5CF2E00D19C13 /* Resources */,
				82F79BE8D4BB46542EE8DA67 /* [CP] Embed Pods Frameworks */,
				16660295B4A13C780AB45BA3 /* [CP] Copy Pods Resources */,
			);
			buildRules = (
			);
			dependencies = (
			);
			name = FireStarter;
			productName = HouseParty;
			productReference = F626E44C20C5CF2E00D19C13 /* FireStarter.app */;
			productType = "com.apple.product-type.application";
		};
/* End PBXNativeTarget section */

/* Begin PBXProject section */
		F626E44420C5CF2E00D19C13 /* Project object */ = {
			isa = PBXProject;
			attributes = {
				LastSwiftUpdateCheck = 0940;
				LastUpgradeCheck = 0940;
				ORGANIZATIONNAME = SaMo;
				TargetAttributes = {
					F626E44B20C5CF2E00D19C13 = {
						CreatedOnToolsVersion = 9.4;
					};
				};
			};
			buildConfigurationList = F626E44720C5CF2E00D19C13 /* Build configuration list for PBXProject "FireStarter" */;
			compatibilityVersion = "Xcode 9.3";
			developmentRegion = en;
			hasScannedForEncodings = 0;
			knownRegions = (
				en,
				Base,
			);
			mainGroup = F626E44320C5CF2E00D19C13;
			productRefGroup = F626E44D20C5CF2E00D19C13 /* Products */;
			projectDirPath = "";
			projectRoot = "";
			targets = (
				F626E44B20C5CF2E00D19C13 /* FireStarter */,
			);
		};
/* End PBXProject section */

/* Begin PBXResourcesBuildPhase section */
		F626E44A20C5CF2E00D19C13 /* Resources */ = {
			isa = PBXResourcesBuildPhase;
			buildActionMask = 2147483647;
			files = (
				F626E45A20C5CF2F00D19C13 /* LaunchScreen.storyboard in Resources */,
				F6BE906D20C84CF700616EAB /* GoogleService-Info.plist in Resources */,
				F6BE906F20C84D0400616EAB /* credentials.plist in Resources */,
				F626E45720C5CF2F00D19C13 /* Assets.xcassets in Resources */,
				F626E45520C5CF2E00D19C13 /* Main.storyboard in Resources */,
			);
			runOnlyForDeploymentPostprocessing = 0;
		};
/* End PBXResourcesBuildPhase section */

/* Begin PBXShellScriptBuildPhase section */
		16660295B4A13C780AB45BA3 /* [CP] Copy Pods Resources */ = {
			isa = PBXShellScriptBuildPhase;
			buildActionMask = 2147483647;
			files = (
			);
			inputPaths = (
				"${SRCROOT}/Pods/Target Support Files/Pods-FireStarter/Pods-FireStarter-resources.sh",
				"${PODS_ROOT}/GoogleSignIn/Resources/GoogleSignIn.bundle",
			);
			name = "[CP] Copy Pods Resources";
			outputPaths = (
				"${TARGET_BUILD_DIR}/${UNLOCALIZED_RESOURCES_FOLDER_PATH}/GoogleSignIn.bundle",
			);
			runOnlyForDeploymentPostprocessing = 0;
			shellPath = /bin/sh;
			shellScript = "\"${SRCROOT}/Pods/Target Support Files/Pods-FireStarter/Pods-FireStarter-resources.sh\"\n";
			showEnvVarsInLog = 0;
		};
		82F79BE8D4BB46542EE8DA67 /* [CP] Embed Pods Frameworks */ = {
			isa = PBXShellScriptBuildPhase;
			buildActionMask = 2147483647;
			files = (
			);
			inputPaths = (
				"${SRCROOT}/Pods/Target Support Files/Pods-FireStarter/Pods-FireStarter-frameworks.sh",
				"${BUILT_PRODUCTS_DIR}/Bolts/Bolts.framework",
				"${BUILT_PRODUCTS_DIR}/FBSDKCoreKit/FBSDKCoreKit.framework",
				"${BUILT_PRODUCTS_DIR}/FBSDKLoginKit/FBSDKLoginKit.framework",
				"${BUILT_PRODUCTS_DIR}/GTMOAuth2/GTMOAuth2.framework",
				"${BUILT_PRODUCTS_DIR}/GTMSessionFetcher/GTMSessionFetcher.framework",
				"${BUILT_PRODUCTS_DIR}/GoogleToolboxForMac/GoogleToolboxForMac.framework",
				"${BUILT_PRODUCTS_DIR}/nanopb/nanopb.framework",
			);
			name = "[CP] Embed Pods Frameworks";
			outputPaths = (
				"${TARGET_BUILD_DIR}/${FRAMEWORKS_FOLDER_PATH}/Bolts.framework",
				"${TARGET_BUILD_DIR}/${FRAMEWORKS_FOLDER_PATH}/FBSDKCoreKit.framework",
				"${TARGET_BUILD_DIR}/${FRAMEWORKS_FOLDER_PATH}/FBSDKLoginKit.framework",
				"${TARGET_BUILD_DIR}/${FRAMEWORKS_FOLDER_PATH}/GTMOAuth2.framework",
				"${TARGET_BUILD_DIR}/${FRAMEWORKS_FOLDER_PATH}/GTMSessionFetcher.framework",
				"${TARGET_BUILD_DIR}/${FRAMEWORKS_FOLDER_PATH}/GoogleToolboxForMac.framework",
				"${TARGET_BUILD_DIR}/${FRAMEWORKS_FOLDER_PATH}/nanopb.framework",
			);
			runOnlyForDeploymentPostprocessing = 0;
			shellPath = /bin/sh;
			shellScript = "\"${SRCROOT}/Pods/Target Support Files/Pods-FireStarter/Pods-FireStarter-frameworks.sh\"\n";
			showEnvVarsInLog = 0;
		};
		8693823E8D1CE9C439E2219B /* [CP] Check Pods Manifest.lock */ = {
			isa = PBXShellScriptBuildPhase;
			buildActionMask = 2147483647;
			files = (
			);
			inputPaths = (
				"${PODS_PODFILE_DIR_PATH}/Podfile.lock",
				"${PODS_ROOT}/Manifest.lock",
			);
			name = "[CP] Check Pods Manifest.lock";
			outputPaths = (
				"$(DERIVED_FILE_DIR)/Pods-FireStarter-checkManifestLockResult.txt",
			);
			runOnlyForDeploymentPostprocessing = 0;
			shellPath = /bin/sh;
			shellScript = "diff \"${PODS_PODFILE_DIR_PATH}/Podfile.lock\" \"${PODS_ROOT}/Manifest.lock\" > /dev/null\nif [ $? != 0 ] ; then\n    # print error to STDERR\n    echo \"error: The sandbox is not in sync with the Podfile.lock. Run 'pod install' or update your CocoaPods installation.\" >&2\n    exit 1\nfi\n# This output is used by Xcode 'outputs' to avoid re-running this script phase.\necho \"SUCCESS\" > \"${SCRIPT_OUTPUT_FILE_0}\"\n";
			showEnvVarsInLog = 0;
		};
/* End PBXShellScriptBuildPhase section */

/* Begin PBXSourcesBuildPhase section */
		F626E44820C5CF2E00D19C13 /* Sources */ = {
			isa = PBXSourcesBuildPhase;
			buildActionMask = 2147483647;
			files = (
				F626E45220C5CF2E00D19C13 /* ViewController.swift in Sources */,
				F626E45020C5CF2E00D19C13 /* AppDelegate.swift in Sources */,
			);
			runOnlyForDeploymentPostprocessing = 0;
		};
/* End PBXSourcesBuildPhase section */

/* Begin PBXVariantGroup section */
		F626E45320C5CF2E00D19C13 /* Main.storyboard */ = {
			isa = PBXVariantGroup;
			children = (
				F626E45420C5CF2E00D19C13 /* Base */,
			);
			name = Main.storyboard;
			sourceTree = "<group>";
		};
		F626E45820C5CF2F00D19C13 /* LaunchScreen.storyboard */ = {
			isa = PBXVariantGroup;
			children = (
				F626E45920C5CF2F00D19C13 /* Base */,
			);
			name = LaunchScreen.storyboard;
			sourceTree = "<group>";
		};
/* End PBXVariantGroup section */

/* Begin XCBuildConfiguration section */
		F626E45C20C5CF2F00D19C13 /* Debug */ = {
			isa = XCBuildConfiguration;
			buildSettings = {
				ALWAYS_SEARCH_USER_PATHS = NO;
				CLANG_ANALYZER_NONNULL = YES;
				CLANG_ANALYZER_NUMBER_OBJECT_CONVERSION = YES_AGGRESSIVE;
				CLANG_CXX_LANGUAGE_STANDARD = "gnu++14";
				CLANG_CXX_LIBRARY = "libc++";
				CLANG_ENABLE_MODULES = YES;
				CLANG_ENABLE_OBJC_ARC = YES;
				CLANG_ENABLE_OBJC_WEAK = YES;
				CLANG_WARN_BLOCK_CAPTURE_AUTORELEASING = YES;
				CLANG_WARN_BOOL_CONVERSION = YES;
				CLANG_WARN_COMMA = YES;
				CLANG_WARN_CONSTANT_CONVERSION = YES;
				CLANG_WARN_DEPRECATED_OBJC_IMPLEMENTATIONS = YES;
				CLANG_WARN_DIRECT_OBJC_ISA_USAGE = YES_ERROR;
				CLANG_WARN_DOCUMENTATION_COMMENTS = YES;
				CLANG_WARN_EMPTY_BODY = YES;
				CLANG_WARN_ENUM_CONVERSION = YES;
				CLANG_WARN_INFINITE_RECURSION = YES;
				CLANG_WARN_INT_CONVERSION = YES;
				CLANG_WARN_NON_LITERAL_NULL_CONVERSION = YES;
				CLANG_WARN_OBJC_IMPLICIT_RETAIN_SELF = YES;
				CLANG_WARN_OBJC_LITERAL_CONVERSION = YES;
				CLANG_WARN_OBJC_ROOT_CLASS = YES_ERROR;
				CLANG_WARN_RANGE_LOOP_ANALYSIS = YES;
				CLANG_WARN_STRICT_PROTOTYPES = YES;
				CLANG_WARN_SUSPICIOUS_MOVE = YES;
				CLANG_WARN_UNGUARDED_AVAILABILITY = YES_AGGRESSIVE;
				CLANG_WARN_UNREACHABLE_CODE = YES;
				CLANG_WARN__DUPLICATE_METHOD_MATCH = YES;
				CODE_SIGN_IDENTITY = "iPhone Developer";
				COPY_PHASE_STRIP = NO;
				DEBUG_INFORMATION_FORMAT = dwarf;
				ENABLE_STRICT_OBJC_MSGSEND = YES;
				ENABLE_TESTABILITY = YES;
				GCC_C_LANGUAGE_STANDARD = gnu11;
				GCC_DYNAMIC_NO_PIC = NO;
				GCC_NO_COMMON_BLOCKS = YES;
				GCC_OPTIMIZATION_LEVEL = 0;
				GCC_PREPROCESSOR_DEFINITIONS = (
					"DEBUG=1",
					"$(inherited)",
				);
				GCC_WARN_64_TO_32_BIT_CONVERSION = YES;
				GCC_WARN_ABOUT_RETURN_TYPE = YES_ERROR;
				GCC_WARN_UNDECLARED_SELECTOR = YES;
				GCC_WARN_UNINITIALIZED_AUTOS = YES_AGGRESSIVE;
				GCC_WARN_UNUSED_FUNCTION = YES;
				GCC_WARN_UNUSED_VARIABLE = YES;
				IPHONEOS_DEPLOYMENT_TARGET = 11.4;
				MTL_ENABLE_DEBUG_INFO = YES;
				ONLY_ACTIVE_ARCH = YES;
				SDKROOT = iphoneos;
				SWIFT_ACTIVE_COMPILATION_CONDITIONS = DEBUG;
				SWIFT_OPTIMIZATION_LEVEL = "-Onone";
			};
			name = Debug;
		};
		F626E45D20C5CF2F00D19C13 /* Release */ = {
			isa = XCBuildConfiguration;
			buildSettings = {
				ALWAYS_SEARCH_USER_PATHS = NO;
				CLANG_ANALYZER_NONNULL = YES;
				CLANG_ANALYZER_NUMBER_OBJECT_CONVERSION = YES_AGGRESSIVE;
				CLANG_CXX_LANGUAGE_STANDARD = "gnu++14";
				CLANG_CXX_LIBRARY = "libc++";
				CLANG_ENABLE_MODULES = YES;
				CLANG_ENABLE_OBJC_ARC = YES;
				CLANG_ENABLE_OBJC_WEAK = YES;
				CLANG_WARN_BLOCK_CAPTURE_AUTORELEASING = YES;
				CLANG_WARN_BOOL_CONVERSION = YES;
				CLANG_WARN_COMMA = YES;
				CLANG_WARN_CONSTANT_CONVERSION = YES;
				CLANG_WARN_DEPRECATED_OBJC_IMPLEMENTATIONS = YES;
				CLANG_WARN_DIRECT_OBJC_ISA_USAGE = YES_ERROR;
				CLANG_WARN_DOCUMENTATION_COMMENTS = YES;
				CLANG_WARN_EMPTY_BODY = YES;
				CLANG_WARN_ENUM_CONVERSION = YES;
				CLANG_WARN_INFINITE_RECURSION = YES;
				CLANG_WARN_INT_CONVERSION = YES;
				CLANG_WARN_NON_LITERAL_NULL_CONVERSION = YES;
				CLANG_WARN_OBJC_IMPLICIT_RETAIN_SELF = YES;
				CLANG_WARN_OBJC_LITERAL_CONVERSION = YES;
				CLANG_WARN_OBJC_ROOT_CLASS = YES_ERROR;
				CLANG_WARN_RANGE_LOOP_ANALYSIS = YES;
				CLANG_WARN_STRICT_PROTOTYPES = YES;
				CLANG_WARN_SUSPICIOUS_MOVE = YES;
				CLANG_WARN_UNGUARDED_AVAILABILITY = YES_AGGRESSIVE;
				CLANG_WARN_UNREACHABLE_CODE = YES;
				CLANG_WARN__DUPLICATE_METHOD_MATCH = YES;
				CODE_SIGN_IDENTITY = "iPhone Developer";
				COPY_PHASE_STRIP = NO;
				DEBUG_INFORMATION_FORMAT = "dwarf-with-dsym";
				ENABLE_NS_ASSERTIONS = NO;
				ENABLE_STRICT_OBJC_MSGSEND = YES;
				GCC_C_LANGUAGE_STANDARD = gnu11;
				GCC_NO_COMMON_BLOCKS = YES;
				GCC_WARN_64_TO_32_BIT_CONVERSION = YES;
				GCC_WARN_ABOUT_RETURN_TYPE = YES_ERROR;
				GCC_WARN_UNDECLARED_SELECTOR = YES;
				GCC_WARN_UNINITIALIZED_AUTOS = YES_AGGRESSIVE;
				GCC_WARN_UNUSED_FUNCTION = YES;
				GCC_WARN_UNUSED_VARIABLE = YES;
				IPHONEOS_DEPLOYMENT_TARGET = 11.4;
				MTL_ENABLE_DEBUG_INFO = NO;
				SDKROOT = iphoneos;
				SWIFT_COMPILATION_MODE = wholemodule;
				SWIFT_OPTIMIZATION_LEVEL = "-O";
				VALIDATE_PRODUCT = YES;
			};
			name = Release;
		};
		F626E45F20C5CF2F00D19C13 /* Debug */ = {
			isa = XCBuildConfiguration;
			baseConfigurationReference = 94A35CADD3D1CDE2ECB3A49A /* Pods-FireStarter.debug.xcconfig */;
			buildSettings = {
				ASSETCATALOG_COMPILER_APPICON_NAME = AppIcon;
				CODE_SIGN_STYLE = Automatic;
				INFOPLIST_FILE = "$(SRCROOT)/FireStarter/Info.plist";
				LD_RUNPATH_SEARCH_PATHS = (
					"$(inherited)",
					"@executable_path/Frameworks",
				);
				PRODUCT_BUNDLE_IDENTIFIER = com.SaMo.HouseParty;
				PRODUCT_NAME = "$(TARGET_NAME)";
				SWIFT_VERSION = 4.0;
				TARGETED_DEVICE_FAMILY = "1,2";
			};
			name = Debug;
		};
		F626E46020C5CF2F00D19C13 /* Release */ = {
			isa = XCBuildConfiguration;
			baseConfigurationReference = 1BEA21B35B9ECD63EBB98A8C /* Pods-FireStarter.release.xcconfig */;
			buildSettings = {
				ASSETCATALOG_COMPILER_APPICON_NAME = AppIcon;
				CODE_SIGN_STYLE = Automatic;
				INFOPLIST_FILE = "$(SRCROOT)/FireStarter/Info.plist";
				LD_RUNPATH_SEARCH_PATHS = (
					"$(inherited)",
					"@executable_path/Frameworks",
				);
				PRODUCT_BUNDLE_IDENTIFIER = com.SaMo.HouseParty;
				PRODUCT_NAME = "$(TARGET_NAME)";
				SWIFT_VERSION = 4.0;
				TARGETED_DEVICE_FAMILY = "1,2";
			};
			name = Release;
		};
/* End XCBuildConfiguration section */

/* Begin XCConfigurationList section */
		F626E44720C5CF2E00D19C13 /* Build configuration list for PBXProject "FireStarter" */ = {
			isa = XCConfigurationList;
			buildConfigurations = (
				F626E45C20C5CF2F00D19C13 /* Debug */,
				F626E45D20C5CF2F00D19C13 /* Release */,
			);
			defaultConfigurationIsVisible = 0;
			defaultConfigurationName = Release;
		};
		F626E45E20C5CF2F00D19C13 /* Build configuration list for PBXNativeTarget "FireStarter" */ = {
			isa = XCConfigurationList;
			buildConfigurations = (
				F626E45F20C5CF2F00D19C13 /* Debug */,
				F626E46020C5CF2F00D19C13 /* Release */,
			);
			defaultConfigurationIsVisible = 0;
			defaultConfigurationName = Release;
		};
/* End XCConfigurationList section */
	};
	rootObject = F626E44420C5CF2E00D19C13 /* Project object */;
}
